
Microsoft Visual Studio Solution File, Format Version 12.00
# Visual Studio 15
VisualStudioVersion = 15.0.26430.14
MinimumVisualStudioVersion = 10.0.40219.1
Project("{FAE04EC0-301F-11D3-BF4B-00C04F79EFBC}") = "SharkDevelop.GeoIp.Api.Unit.Tests", "SharkDevelop.GeoIp.Unit.Tests\SharkDevelop.GeoIp.Api.Unit.Tests.csproj", "{DE71BBAB-1F1F-407F-985F-B43547C00729}"
EndProject
Project("{FAE04EC0-301F-11D3-BF4B-00C04F79EFBC}") = "SharkDevelop.GeoIp.Api.Integration.Tests", "SharkDevelop.GeoIp.Integration.Tests\SharkDevelop.GeoIp.Api.Integration.Tests.csproj", "{FD2B2DAE-18A7-42E4-A254-544CBE75E1B3}"
EndProject
Project("{FAE04EC0-301F-11D3-BF4B-00C04F79EFBC}") = "SharkDevelop.GeoIp.Api", "SharkDevelop.GeoIp.Api\SharkDevelop.GeoIp.Api.csproj", "{76D7F2B5-18B9-48A5-9040-02C671BFA455}"
EndProject
Project("{FAE04EC0-301F-11D3-BF4B-00C04F79EFBC}") = "SharkDevelop.GeoIp.Web", "SharkDevelop.GeoIp.Web\SharkDevelop.GeoIp.Web.csproj", "{3EFCF7ED-C4F6-496F-8027-4D9832A8DF85}"
EndProject
Global
	GlobalSection(SolutionConfigurationPlatforms) = preSolution
		Debug|Any CPU = Debug|Any CPU
		Release|Any CPU = Release|Any CPU
	EndGlobalSection
	GlobalSection(ProjectConfigurationPlatforms) = postSolution
		{DE71BBAB-1F1F-407F-985F-B43547C00729}.Debug|Any CPU.ActiveCfg = Debug|Any CPU
		{DE71BBAB-1F1F-407F-985F-B43547C00729}.Debug|Any CPU.Build.0 = Debug|Any CPU
		{DE71BBAB-1F1F-407F-985F-B43547C00729}.Release|Any CPU.ActiveCfg = Release|Any CPU
		{DE71BBAB-1F1F-407F-985F-B43547C00729}.Release|Any CPU.Build.0 = Release|Any CPU
		{FD2B2DAE-18A7-42E4-A254-544CBE75E1B3}.Debug|Any CPU.ActiveCfg = Debug|Any CPU
		{FD2B2DAE-18A7-42E4-A254-544CBE75E1B3}.Debug|Any CPU.Build.0 = Debug|Any CPU
		{FD2B2DAE-18A7-42E4-A254-544CBE75E1B3}.Release|Any CPU.ActiveCfg = Release|Any CPU
		{FD2B2DAE-18A7-42E4-A254-544CBE75E1B3}.Release|Any CPU.Build.0 = Release|Any CPU
		{76D7F2B5-18B9-48A5-9040-02C671BFA455}.Debug|Any CPU.ActiveCfg = Debug|Any CPU
		{76D7F2B5-18B9-48A5-9040-02C671BFA455}.Debug|Any CPU.Build.0 = Debug|Any CPU
		{76D7F2B5-18B9-48A5-9040-02C671BFA455}.Release|Any CPU.ActiveCfg = Release|Any CPU
		{76D7F2B5-18B9-48A5-9040-02C671BFA455}.Release|Any CPU.Build.0 = Release|Any CPU
		{3EFCF7ED-C4F6-496F-8027-4D9832A8DF85}.Debug|Any CPU.ActiveCfg = Debug|Any CPU
		{3EFCF7ED-C4F6-496F-8027-4D9832A8DF85}.Debug|Any CPU.Build.0 = Debug|Any CPU
		{3EFCF7ED-C4F6-496F-8027-4D9832A8DF85}.Release|Any CPU.ActiveCfg = Release|Any CPU
		{3EFCF7ED-C4F6-496F-8027-4D9832A8DF85}.Release|Any CPU.Build.0 = Release|Any CPU
	EndGlobalSection
	GlobalSection(SolutionProperties) = preSolution
		HideSolutionNode = FALSE
	EndGlobalSection
EndGlobal
